<?xml version="1.0" encoding="utf-8"?>
<Project ToolsVersion="4.0" xmlns="http://schemas.microsoft.com/developer/msbuild/2003">
  <ItemGroup>
    <Filter Include="Source Files">
      <UniqueIdentifier>{4FC737F1-C7A5-4376-A066-2A32D752A2FF}</UniqueIdentifier>
      <Extensions>cpp;c;cc;cxx;def;odl;idl;hpj;bat;asm;asmx</Extensions>
    </Filter>
    <Filter Include="Header Files">
      <UniqueIdentifier>{93995380-89BD-4b04-88EB-625FBE52EBFB}</UniqueIdentifier>
      <Extensions>h;hpp;hxx;hm;inl;inc;xsd</Extensions>
    </Filter>
    <Filter Include="Resource Files">
      <UniqueIdentifier>{67DA6AB6-F800-4c08-8B7A-83BB121AAD01}</UniqueIdentifier>
      <Extensions>rc;ico;cur;bmp;dlg;rc2;rct;bin;rgs;gif;jpg;jpeg;jpe;resx;tiff;tif;png;wav;mfcribbon-ms</Extensions>
    </Filter>
  </ItemGroup>
  <ItemGroup>
    <ClInclude Include="targetver.h">
      <Filter>Header Files</Filter>
    </ClInclude>
    <ClInclude Include="annotation.h">
      <Filter>Header Files</Filter>
    </ClInclude>
    <ClInclude Include="ast.h">
      <Filter>Header Files</Filter>
    </ClInclude>
    <ClInclude Include="parser.h">
      <Filter>Header Files</Filter>
    </ClInclude>
    <ClInclude Include="parserErrorHandler.h">
      <Filter>Header Files</Filter>
    </ClInclude>
    <ClInclude Include="skipper.h">
      <Filter>Header Files</Filter>
    </ClInclude>
    <ClInclude Include="stdafx.h">
      <Filter>Header Files</Filter>
    </ClInclude>
    <ClInclude Include="symbols.h">
      <Filter>Header Files</Filter>
    </ClInclude>
    <ClInclude Include="languageCommon.h">
      <Filter>Header Files</Filter>
    </ClInclude>
    <ClInclude Include="codeChecker.h">
      <Filter>Header Files</Filter>
    </ClInclude>
    <ClInclude Include="symbolTable.h">
      <Filter>Header Files</Filter>
    </ClInclude>
    <ClInclude Include="generators\as3Generator.h">
      <Filter>Header Files</Filter>
    </ClInclude>
    <ClInclude Include="generators\csharpGenerator.h">
      <Filter>Header Files</Filter>
    </ClInclude>
    <ClInclude Include="generators\CppGenerator.h">
      <Filter>Header Files</Filter>
    </ClInclude>
    <ClInclude Include="generators\jsGenerator.h">
      <Filter>Header Files</Filter>
    </ClInclude>
    <ClInclude Include="generators\phpGenerator.h">
      <Filter>Header Files</Filter>
    </ClInclude>
    <ClInclude Include="generators\generator.h">
      <Filter>Header Files</Filter>
    </ClInclude>
    <ClInclude Include="generators\javaGenerator.h">
      <Filter>Header Files</Filter>
    </ClInclude>
    <ClInclude Include="pdlConfig.h">
      <Filter>Header Files</Filter>
    </ClInclude>
  </ItemGroup>
  <ItemGroup>
    <ClCompile Include="stdafx.cpp">
      <Filter>Source Files</Filter>
    </ClCompile>
    <ClCompile Include="pdlc2.cpp">
      <Filter>Source Files</Filter>
    </ClCompile>
    <ClCompile Include="symbols.cpp">
      <Filter>Source Files</Filter>
    </ClCompile>
    <ClCompile Include="ast.cpp">
      <Filter>Source Files</Filter>
    </ClCompile>
    <ClCompile Include="parser.cpp">
      <Filter>Source Files</Filter>
    </ClCompile>
    <ClCompile Include="codeChecker.cpp">
      <Filter>Source Files</Filter>
    </ClCompile>
    <ClCompile Include="symbolTable.cpp">
      <Filter>Source Files</Filter>
    </ClCompile>
    <ClCompile Include="generators\as3Generator.cpp">
      <Filter>Source Files</Filter>
    </ClCompile>
    <ClCompile Include="generators\csharpGenerator.cpp">
      <Filter>Source Files</Filter>
    </ClCompile>
    <ClCompile Include="generators\CppGenerator.cpp">
      <Filter>Source Files</Filter>
    </ClCompile>
    <ClCompile Include="generators\jsGenerator.cpp">
      <Filter>Source Files</Filter>
    </ClCompile>
    <ClCompile Include="generators\phpGenerator.cpp">
      <Filter>Source Files</Filter>
    </ClCompile>
    <ClCompile Include="generators\generator.cpp">
      <Filter>Source Files</Filter>
    </ClCompile>
    <ClCompile Include="generators\javaGenerator.cpp">
      <Filter>Source Files</Filter>
    </ClCompile>
    <ClCompile Include="pdlConfig.cpp">
      <Filter>Source Files</Filter>
    </ClCompile>
  </ItemGroup>
  <ItemGroup>
    <Text Include="ReadMe.txt" />
  </ItemGroup>
  <ItemGroup>
    <None Include="example1.pdl" />
    <None Include="packages.config" />
  </ItemGroup>
</Project>